
Microsoft Visual Studio Solution File, Format Version 12.00
# Visual Studio Version 17
VisualStudioVersion = 17.4.33213.308
MinimumVisualStudioVersion = 10.0.40219.1
Project("{FAE04EC0-301F-11D3-BF4B-00C04F79EFBC}") = "KhephriPuzzle", "KephriPuzzle\KhephriPuzzle.csproj", "{EF682F2C-B487-4D18-86DD-446A35CDF070}"
EndProject
Global
	GlobalSection(SolutionConfigurationPlatforms) = preSolution
		Debug|Any CPU = Debug|Any CPU
		Release|Any CPU = Release|Any CPU
	EndGlobalSection
	GlobalSection(ProjectConfigurationPlatforms) = postSolution
		{EF682F2C-B487-4D18-86DD-446A35CDF070}.Debug|Any CPU.ActiveCfg = Debug|Any CPU
		{EF682F2C-B487-4D18-86DD-446A35CDF070}.Debug|Any CPU.Build.0 = Debug|Any CPU
		{EF682F2C-B487-4D18-86DD-446A35CDF070}.Release|Any CPU.ActiveCfg = Release|Any CPU
		{EF682F2C-B487-4D18-86DD-446A35CDF070}.Release|Any CPU.Build.0 = Release|Any CPU
	EndGlobalSection
	GlobalSection(SolutionProperties) = preSolution
		HideSolutionNode = FALSE
	EndGlobalSection
	GlobalSection(ExtensibilityGlobals) = postSolution
		SolutionGuid = {EEB11C49-ADF0-4648-9601-207DB8EDD0B4}
	EndGlobalSection
EndGlobal
